
Microsoft Visual Studio Solution File, Format Version 12.00
Project("{2150E333-8FDC-42A3-9474-1A3956D46DE8}") = "src", "src", "{7B2540D8-FA89-4EAC-8550-310524DB440D}"
EndProject
Project("{FAE04EC0-301F-11D3-BF4B-00C04F79EFBC}") = "Walkers.Books.Api", "Walkers.Books.Api\Walkers.Books.Api.csproj", "{28759ACE-BE71-472B-B738-747FC300A2BB}"
EndProject
Project("{2150E333-8FDC-42A3-9474-1A3956D46DE8}") = "test", "test", "{18CBF00E-EF9B-45F9-BC94-C433AF3E4D2A}"
EndProject
Project("{FAE04EC0-301F-11D3-BF4B-00C04F79EFBC}") = "Walkers.Books.Api.Tests", "Walkers.Books.Api.Tests\Walkers.Books.Api.Tests.csproj", "{B1A80D5F-E9F8-41AF-8182-7BF4D240F58F}"
EndProject
Global
	GlobalSection(SolutionConfigurationPlatforms) = preSolution
		Debug|Any CPU = Debug|Any CPU
		Release|Any CPU = Release|Any CPU
	EndGlobalSection
	GlobalSection(NestedProjects) = preSolution
		{28759ACE-BE71-472B-B738-747FC300A2BB} = {7B2540D8-FA89-4EAC-8550-310524DB440D}
		{B1A80D5F-E9F8-41AF-8182-7BF4D240F58F} = {18CBF00E-EF9B-45F9-BC94-C433AF3E4D2A}
	EndGlobalSection
	GlobalSection(ProjectConfigurationPlatforms) = postSolution
		{28759ACE-BE71-472B-B738-747FC300A2BB}.Debug|Any CPU.ActiveCfg = Debug|Any CPU
		{28759ACE-BE71-472B-B738-747FC300A2BB}.Debug|Any CPU.Build.0 = Debug|Any CPU
		{28759ACE-BE71-472B-B738-747FC300A2BB}.Release|Any CPU.ActiveCfg = Release|Any CPU
		{28759ACE-BE71-472B-B738-747FC300A2BB}.Release|Any CPU.Build.0 = Release|Any CPU
		{B1A80D5F-E9F8-41AF-8182-7BF4D240F58F}.Debug|Any CPU.ActiveCfg = Debug|Any CPU
		{B1A80D5F-E9F8-41AF-8182-7BF4D240F58F}.Debug|Any CPU.Build.0 = Debug|Any CPU
		{B1A80D5F-E9F8-41AF-8182-7BF4D240F58F}.Release|Any CPU.ActiveCfg = Release|Any CPU
		{B1A80D5F-E9F8-41AF-8182-7BF4D240F58F}.Release|Any CPU.Build.0 = Release|Any CPU
	EndGlobalSection
EndGlobal
